
Microsoft Visual Studio Solution File, Format Version 12.00
# Visual Studio Version 17
VisualStudioVersion = 17.9.34902.65
MinimumVisualStudioVersion = 10.0.40219.1
Project("{9A19103F-16F7-4668-BE54-9A1E7A4F7556}") = "DBO_AWP_Computer_Service_Director", "ERP-Computer-Servise\DBO_AWP_Computer_Service_Director.csproj", "{CC0FADC9-C4B9-4FB4-932B-8226B8DE1701}"
EndProject
Project("{9A19103F-16F7-4668-BE54-9A1E7A4F7556}") = "DB_Reports(TPD_Lab_6)", "EPR-Polution-Monitoring\DB_Reports(TPD_Lab_6).csproj", "{295BBE4E-FFDF-4D3C-B5BC-FDF25F8F8119}"
EndProject
Project("{9A19103F-16F7-4668-BE54-9A1E7A4F7556}") = "WPFCalculator", "MVVM-Calculator\WPFCalculator.csproj", "{7EC59B59-B561-4A2B-B8BD-0291C13D5156}"
EndProject
Project("{2150E333-8FDC-42A3-9474-1A3956D46DE8}") = "Solution Items", "Solution Items", "{6D43FC6D-23E5-44A6-997E-C59105C0F0DE}"
	ProjectSection(SolutionItems) = preProject
		README.md = README.md
	EndProjectSection
EndProject
Global
	GlobalSection(SolutionConfigurationPlatforms) = preSolution
		Debug|Any CPU = Debug|Any CPU
		Release|Any CPU = Release|Any CPU
	EndGlobalSection
	GlobalSection(ProjectConfigurationPlatforms) = postSolution
		{CC0FADC9-C4B9-4FB4-932B-8226B8DE1701}.Debug|Any CPU.ActiveCfg = Debug|Any CPU
		{CC0FADC9-C4B9-4FB4-932B-8226B8DE1701}.Debug|Any CPU.Build.0 = Debug|Any CPU
		{CC0FADC9-C4B9-4FB4-932B-8226B8DE1701}.Release|Any CPU.ActiveCfg = Release|Any CPU
		{CC0FADC9-C4B9-4FB4-932B-8226B8DE1701}.Release|Any CPU.Build.0 = Release|Any CPU
		{295BBE4E-FFDF-4D3C-B5BC-FDF25F8F8119}.Debug|Any CPU.ActiveCfg = Debug|Any CPU
		{295BBE4E-FFDF-4D3C-B5BC-FDF25F8F8119}.Debug|Any CPU.Build.0 = Debug|Any CPU
		{295BBE4E-FFDF-4D3C-B5BC-FDF25F8F8119}.Release|Any CPU.ActiveCfg = Release|Any CPU
		{295BBE4E-FFDF-4D3C-B5BC-FDF25F8F8119}.Release|Any CPU.Build.0 = Release|Any CPU
		{7EC59B59-B561-4A2B-B8BD-0291C13D5156}.Debug|Any CPU.ActiveCfg = Debug|Any CPU
		{7EC59B59-B561-4A2B-B8BD-0291C13D5156}.Debug|Any CPU.Build.0 = Debug|Any CPU
		{7EC59B59-B561-4A2B-B8BD-0291C13D5156}.Release|Any CPU.ActiveCfg = Release|Any CPU
		{7EC59B59-B561-4A2B-B8BD-0291C13D5156}.Release|Any CPU.Build.0 = Release|Any CPU
	EndGlobalSection
	GlobalSection(SolutionProperties) = preSolution
		HideSolutionNode = FALSE
	EndGlobalSection
	GlobalSection(ExtensibilityGlobals) = postSolution
		SolutionGuid = {DBE2FD09-A1C2-40CA-8359-3F42DE5E3537}
	EndGlobalSection
EndGlobal
